
Microsoft Visual Studio Solution File, Format Version 12.00
# Visual Studio Version 18
VisualStudioVersion = 18.6.11822.322 stable
MinimumVisualStudioVersion = 10.0.40219.1
Project("{FAE04EC0-301F-11D3-BF4B-00C04F79EFBC}") = "clicker-game", "clicker-game.csproj", "{EB5422A0-C08B-4BA5-2C79-D4F058868F2C}"
EndProject
Global
	GlobalSection(SolutionConfigurationPlatforms) = preSolution
		Debug|Any CPU = Debug|Any CPU
		Release|Any CPU = Release|Any CPU
	EndGlobalSection
	GlobalSection(ProjectConfigurationPlatforms) = postSolution
		{EB5422A0-C08B-4BA5-2C79-D4F058868F2C}.Debug|Any CPU.ActiveCfg = Debug|Any CPU
		{EB5422A0-C08B-4BA5-2C79-D4F058868F2C}.Debug|Any CPU.Build.0 = Debug|Any CPU
		{EB5422A0-C08B-4BA5-2C79-D4F058868F2C}.Release|Any CPU.ActiveCfg = Release|Any CPU
		{EB5422A0-C08B-4BA5-2C79-D4F058868F2C}.Release|Any CPU.Build.0 = Release|Any CPU
	EndGlobalSection
	GlobalSection(SolutionProperties) = preSolution
		HideSolutionNode = FALSE
	EndGlobalSection
	GlobalSection(ExtensibilityGlobals) = postSolution
		SolutionGuid = {5F619DF9-34EC-4483-88D1-CD405882963D}
	EndGlobalSection
EndGlobal
